
Microsoft Visual Studio Solution File, Format Version 12.00
# Visual Studio Version 17
VisualStudioVersion = 17.3.32825.248
MinimumVisualStudioVersion = 10.0.40219.1
Project("{8BC9CEB8-8B4A-11D0-8D11-00A0C91BC942}") = "OopSecondProject", "OopSecondProject\OopSecondProject.vcxproj", "{015EE17D-3D03-4940-A8DA-E3F1F9D80FBE}"
EndProject
Global
	GlobalSection(SolutionConfigurationPlatforms) = preSolution
		Debug|x64 = Debug|x64
		Debug|x86 = Debug|x86
		Release|x64 = Release|x64
		Release|x86 = Release|x86
	EndGlobalSection
	GlobalSection(ProjectConfigurationPlatforms) = postSolution
		{015EE17D-3D03-4940-A8DA-E3F1F9D80FBE}.Debug|x64.ActiveCfg = Debug|x64
		{015EE17D-3D03-4940-A8DA-E3F1F9D80FBE}.Debug|x64.Build.0 = Debug|x64
		{015EE17D-3D03-4940-A8DA-E3F1F9D80FBE}.Debug|x86.ActiveCfg = Debug|Win32
		{015EE17D-3D03-4940-A8DA-E3F1F9D80FBE}.Debug|x86.Build.0 = Debug|Win32
		{015EE17D-3D03-4940-A8DA-E3F1F9D80FBE}.Release|x64.ActiveCfg = Release|x64
		{015EE17D-3D03-4940-A8DA-E3F1F9D80FBE}.Release|x64.Build.0 = Release|x64
		{015EE17D-3D03-4940-A8DA-E3F1F9D80FBE}.Release|x86.ActiveCfg = Release|Win32
		{015EE17D-3D03-4940-A8DA-E3F1F9D80FBE}.Release|x86.Build.0 = Release|Win32
	EndGlobalSection
	GlobalSection(SolutionProperties) = preSolution
		HideSolutionNode = FALSE
	EndGlobalSection
	GlobalSection(ExtensibilityGlobals) = postSolution
		SolutionGuid = {2E87B8F9-A567-4D5E-B861-7DE681425EE9}
	EndGlobalSection
EndGlobal
